// !$*UTF8*$!
{
	archiveVersion = 1;
	classes = {
	};
	objectVersion = 48;
	objects = {

/* Begin PBXBuildFile section */
		0011855E1FCE3A9D00D4766F /* ScreenSaverTemplateView.h in Headers */ = {isa = PBXBuildFile; fileRef = 0011855D1FCE3A9D00D4766F /* ScreenSaverTemplateView.h */; };
		001185601FCE3A9D00D4766F /* ScreenSaverTemplateView.m in Sources */ = {isa = PBXBuildFile; fileRef = 0011855F1FCE3A9D00D4766F /* ScreenSaverTemplateView.m */; };
		003EC7EA1FCE415600504669 /* html in Resources */ = {isa = PBXBuildFile; fileRef = 003EC7E91FCE415600504669 /* html */; };
		003EC7EE1FCE443400504669 /* ScreenSaverTemplateConfigureSheet.h in Headers */ = {isa = PBXBuildFile; fileRef = 003EC7EB1FCE443400504669 /* ScreenSaverTemplateConfigureSheet.h */; };
		003EC7EF1FCE443400504669 /* ScreenSaverTemplateConfigureSheet.m in Sources */ = {isa = PBXBuildFile; fileRef = 003EC7EC1FCE443400504669 /* ScreenSaverTemplateConfigureSheet.m */; };
		003EC7F01FCE443400504669 /* ScreenSaverTemplateConfigureSheet.xib in Resources */ = {isa = PBXBuildFile; fileRef = 003EC7ED1FCE443400504669 /* ScreenSaverTemplateConfigureSheet.xib */; };
		003EC7F41FCE488D00504669 /* thumbnail.png in Resources */ = {isa = PBXBuildFile; fileRef = 003EC7F21FCE488D00504669 /* thumbnail.png */; };
		003EC7F51FCE488D00504669 /* thumbnail@2x.png in Resources */ = {isa = PBXBuildFile; fileRef = 003EC7F31FCE488D00504669 /* thumbnail@2x.png */; };
/* End PBXBuildFile section */

/* Begin PBXFileReference section */
		0011855A1FCE3A9D00D4766F /* ScreenSaver Template.saver */ = {isa = PBXFileReference; explicitFileType = wrapper.cfbundle; includeInIndex = 0; path = "ScreenSaver Template.saver"; sourceTree = BUILT_PRODUCTS_DIR; };
		0011855D1FCE3A9D00D4766F /* ScreenSaverTemplateView.h */ = {isa = PBXFileReference; lastKnownFileType = sourcecode.c.h; path = ScreenSaverTemplateView.h; sourceTree = "<group>"; };
		0011855F1FCE3A9D00D4766F /* ScreenSaverTemplateView.m */ = {isa = PBXFileReference; lastKnownFileType = sourcecode.c.objc; path = ScreenSaverTemplateView.m; sourceTree = "<group>"; };
		001185611FCE3A9D00D4766F /* Info.plist */ = {isa = PBXFileReference; lastKnownFileType = text.plist.xml; path = Info.plist; sourceTree = "<group>"; };
		003EC7E91FCE415600504669 /* html */ = {isa = PBXFileReference; lastKnownFileType = folder; path = html; sourceTree = "<group>"; };
		003EC7EB1FCE443400504669 /* ScreenSaverTemplateConfigureSheet.h */ = {isa = PBXFileReference; lastKnownFileType = sourcecode.c.h; path = ScreenSaverTemplateConfigureSheet.h; sourceTree = "<group>"; };
		003EC7EC1FCE443400504669 /* ScreenSaverTemplateConfigureSheet.m */ = {isa = PBXFileReference; lastKnownFileType = sourcecode.c.objc; path = ScreenSaverTemplateConfigureSheet.m; sourceTree = "<group>"; };
		003EC7ED1FCE443400504669 /* ScreenSaverTemplateConfigureSheet.xib */ = {isa = PBXFileReference; lastKnownFileType = file.xib; path = ScreenSaverTemplateConfigureSheet.xib; sourceTree = "<group>"; };
		003EC7F21FCE488D00504669 /* thumbnail.png */ = {isa = PBXFileReference; lastKnownFileType = image.png; path = thumbnail.png; sourceTree = "<group>"; };
		003EC7F31FCE488D00504669 /* thumbnail@2x.png */ = {isa = PBXFileReference; lastKnownFileType = image.png; path = "thumbnail@2x.png"; sourceTree = "<group>"; };
/* End PBXFileReference section */

/* Begin PBXFrameworksBuildPhase section */
		001185561FCE3A9D00D4766F /* Frameworks */ = {
			isa = PBXFrameworksBuildPhase;
			buildActionMask = 2147483647;
			files = (
			);
			runOnlyForDeploymentPostprocessing = 0;
		};
/* End PBXFrameworksBuildPhase section */

/* Begin PBXGroup section */
		001185501FCE3A9D00D4766F = {
			isa = PBXGroup;
			children = (
				0011855C1FCE3A9D00D4766F /* ScreenSaverTemplate */,
				0011855B1FCE3A9D00D4766F /* Products */,
			);
			sourceTree = "<group>";
		};
		0011855B1FCE3A9D00D4766F /* Products */ = {
			isa = PBXGroup;
			children = (
				0011855A1FCE3A9D00D4766F /* ScreenSaver Template.saver */,
			);
			name = Products;
			sourceTree = "<group>";
		};
		0011855C1FCE3A9D00D4766F /* ScreenSaverTemplate */ = {
			isa = PBXGroup;
			children = (
				003EC7EB1FCE443400504669 /* ScreenSaverTemplateConfigureSheet.h */,
				003EC7EC1FCE443400504669 /* ScreenSaverTemplateConfigureSheet.m */,
				0011855D1FCE3A9D00D4766F /* ScreenSaverTemplateView.h */,
				0011855F1FCE3A9D00D4766F /* ScreenSaverTemplateView.m */,
				003EC7E81FCE40BF00504669 /* Resources */,
				003EC7F11FCE444900504669 /* UI */,
			);
			path = ScreenSaverTemplate;
			sourceTree = "<group>";
		};
		003EC7E81FCE40BF00504669 /* Resources */ = {
			isa = PBXGroup;
			children = (
				003EC7E91FCE415600504669 /* html */,
				001185611FCE3A9D00D4766F /* Info.plist */,
			);
			path = Resources;
			sourceTree = "<group>";
		};
		003EC7F11FCE444900504669 /* UI */ = {
			isa = PBXGroup;
			children = (
				003EC7F21FCE488D00504669 /* thumbnail.png */,
				003EC7F31FCE488D00504669 /* thumbnail@2x.png */,
				003EC7ED1FCE443400504669 /* ScreenSaverTemplateConfigureSheet.xib */,
			);
			path = UI;
			sourceTree = "<group>";
		};
/* End PBXGroup section */

/* Begin PBXHeadersBuildPhase section */
		001185571FCE3A9D00D4766F /* Headers */ = {
			isa = PBXHeadersBuildPhase;
			buildActionMask = 2147483647;
			files = (
				0011855E1FCE3A9D00D4766F /* ScreenSaverTemplateView.h in Headers */,
				003EC7EE1FCE443400504669 /* ScreenSaverTemplateConfigureSheet.h in Headers */,
			);
			runOnlyForDeploymentPostprocessing = 0;
		};
/* End PBXHeadersBuildPhase section */

/* Begin PBXNativeTarget section */
		001185591FCE3A9D00D4766F /* ScreenSaver Template */ = {
			isa = PBXNativeTarget;
			buildConfigurationList = 001185641FCE3A9D00D4766F /* Build configuration list for PBXNativeTarget "ScreenSaver Template" */;
			buildPhases = (
				001185551FCE3A9D00D4766F /* Sources */,
				001185561FCE3A9D00D4766F /* Frameworks */,
				001185571FCE3A9D00D4766F /* Headers */,
				001185581FCE3A9D00D4766F /* Resources */,
			);
			buildRules = (
			);
			dependencies = (
			);
			name = "ScreenSaver Template";
			productName = ScreenSaverTemplate;
			productReference = 0011855A1FCE3A9D00D4766F /* ScreenSaver Template.saver */;
			productType = "com.apple.product-type.bundle";
		};
/* End PBXNativeTarget section */

/* Begin PBXProject section */
		001185511FCE3A9D00D4766F /* Project object */ = {
			isa = PBXProject;
			attributes = {
				LastUpgradeCheck = 0910;
				ORGANIZATIONNAME = "Robert Burns";
				TargetAttributes = {
					001185591FCE3A9D00D4766F = {
						CreatedOnToolsVersion = 9.1;
						ProvisioningStyle = Automatic;
					};
				};
			};
			buildConfigurationList = 001185541FCE3A9D00D4766F /* Build configuration list for PBXProject "ScreenSaverTemplate" */;
			compatibilityVersion = "Xcode 8.0";
			developmentRegion = en;
			hasScannedForEncodings = 0;
			knownRegions = (
				en,
			);
			mainGroup = 001185501FCE3A9D00D4766F;
			productRefGroup = 0011855B1FCE3A9D00D4766F /* Products */;
			projectDirPath = "";
			projectRoot = "";
			targets = (
				001185591FCE3A9D00D4766F /* ScreenSaver Template */,
			);
		};
/* End PBXProject section */

/* Begin PBXResourcesBuildPhase section */
		001185581FCE3A9D00D4766F /* Resources */ = {
			isa = PBXResourcesBuildPhase;
			buildActionMask = 2147483647;
			files = (
				003EC7F01FCE443400504669 /* ScreenSaverTemplateConfigureSheet.xib in Resources */,
				003EC7F51FCE488D00504669 /* thumbnail@2x.png in Resources */,
				003EC7EA1FCE415600504669 /* html in Resources */,
				003EC7F41FCE488D00504669 /* thumbnail.png in Resources */,
			);
			runOnlyForDeploymentPostprocessing = 0;
		};
/* End PBXResourcesBuildPhase section */

/* Begin PBXSourcesBuildPhase section */
		001185551FCE3A9D00D4766F /* Sources */ = {
			isa = PBXSourcesBuildPhase;
			buildActionMask = 2147483647;
			files = (
				003EC7EF1FCE443400504669 /* ScreenSaverTemplateConfigureSheet.m in Sources */,
				001185601FCE3A9D00D4766F /* ScreenSaverTemplateView.m in Sources */,
			);
			runOnlyForDeploymentPostprocessing = 0;
		};
/* End PBXSourcesBuildPhase section */

/* Begin XCBuildConfiguration section */
		001185621FCE3A9D00D4766F /* Debug */ = {
			isa = XCBuildConfiguration;
			buildSettings = {
				ALWAYS_SEARCH_USER_PATHS = NO;
				CLANG_ANALYZER_NONNULL = YES;
				CLANG_ANALYZER_NUMBER_OBJECT_CONVERSION = YES_AGGRESSIVE;
				CLANG_CXX_LANGUAGE_STANDARD = "gnu++14";
				CLANG_CXX_LIBRARY = "libc++";
				CLANG_ENABLE_MODULES = YES;
				CLANG_ENABLE_OBJC_ARC = YES;
				CLANG_WARN_BLOCK_CAPTURE_AUTORELEASING = YES;
				CLANG_WARN_BOOL_CONVERSION = YES;
				CLANG_WARN_COMMA = YES;
				CLANG_WARN_CONSTANT_CONVERSION = YES;
				CLANG_WARN_DIRECT_OBJC_ISA_USAGE = YES_ERROR;
				CLANG_WARN_DOCUMENTATION_COMMENTS = YES;
				CLANG_WARN_EMPTY_BODY = YES;
				CLANG_WARN_ENUM_CONVERSION = YES;
				CLANG_WARN_INFINITE_RECURSION = YES;
				CLANG_WARN_INT_CONVERSION = YES;
				CLANG_WARN_NON_LITERAL_NULL_CONVERSION = YES;
				CLANG_WARN_OBJC_LITERAL_CONVERSION = YES;
				CLANG_WARN_OBJC_ROOT_CLASS = YES_ERROR;
				CLANG_WARN_RANGE_LOOP_ANALYSIS = YES;
				CLANG_WARN_STRICT_PROTOTYPES = YES;
				CLANG_WARN_SUSPICIOUS_MOVE = YES;
				CLANG_WARN_UNGUARDED_AVAILABILITY = YES_AGGRESSIVE;
				CLANG_WARN_UNREACHABLE_CODE = YES;
				CLANG_WARN__DUPLICATE_METHOD_MATCH = YES;
				CODE_SIGN_IDENTITY = "Mac Developer";
				COPY_PHASE_STRIP = NO;
				DEBUG_INFORMATION_FORMAT = dwarf;
				ENABLE_STRICT_OBJC_MSGSEND = YES;
				ENABLE_TESTABILITY = YES;
				GCC_C_LANGUAGE_STANDARD = gnu11;
				GCC_DYNAMIC_NO_PIC = NO;
				GCC_NO_COMMON_BLOCKS = YES;
				GCC_OPTIMIZATION_LEVEL = 0;
				GCC_PREPROCESSOR_DEFINITIONS = (
					"DEBUG=1",
					"$(inherited)",
				);
				GCC_WARN_64_TO_32_BIT_CONVERSION = YES;
				GCC_WARN_ABOUT_RETURN_TYPE = YES_ERROR;
				GCC_WARN_UNDECLARED_SELECTOR = YES;
				GCC_WARN_UNINITIALIZED_AUTOS = YES_AGGRESSIVE;
				GCC_WARN_UNUSED_FUNCTION = YES;
				GCC_WARN_UNUSED_VARIABLE = YES;
				MACOSX_DEPLOYMENT_TARGET = 10.13;
				MTL_ENABLE_DEBUG_INFO = YES;
				ONLY_ACTIVE_ARCH = YES;
				SDKROOT = macosx;
			};
			name = Debug;
		};
		001185631FCE3A9D00D4766F /* Release */ = {
			isa = XCBuildConfiguration;
			buildSettings = {
				ALWAYS_SEARCH_USER_PATHS = NO;
				CLANG_ANALYZER_NONNULL = YES;
				CLANG_ANALYZER_NUMBER_OBJECT_CONVERSION = YES_AGGRESSIVE;
				CLANG_CXX_LANGUAGE_STANDARD = "gnu++14";
				CLANG_CXX_LIBRARY = "libc++";
				CLANG_ENABLE_MODULES = YES;
				CLANG_ENABLE_OBJC_ARC = YES;
				CLANG_WARN_BLOCK_CAPTURE_AUTORELEASING = YES;
				CLANG_WARN_BOOL_CONVERSION = YES;
				CLANG_WARN_COMMA = YES;
				CLANG_WARN_CONSTANT_CONVERSION = YES;
				CLANG_WARN_DIRECT_OBJC_ISA_USAGE = YES_ERROR;
				CLANG_WARN_DOCUMENTATION_COMMENTS = YES;
				CLANG_WARN_EMPTY_BODY = YES;
				CLANG_WARN_ENUM_CONVERSION = YES;
				CLANG_WARN_INFINITE_RECURSION = YES;
				CLANG_WARN_INT_CONVERSION = YES;
				CLANG_WARN_NON_LITERAL_NULL_CONVERSION = YES;
				CLANG_WARN_OBJC_LITERAL_CONVERSION = YES;
				CLANG_WARN_OBJC_ROOT_CLASS = YES_ERROR;
				CLANG_WARN_RANGE_LOOP_ANALYSIS = YES;
				CLANG_WARN_STRICT_PROTOTYPES = YES;
				CLANG_WARN_SUSPICIOUS_MOVE = YES;
				CLANG_WARN_UNGUARDED_AVAILABILITY = YES_AGGRESSIVE;
				CLANG_WARN_UNREACHABLE_CODE = YES;
				CLANG_WARN__DUPLICATE_METHOD_MATCH = YES;
				CODE_SIGN_IDENTITY = "Mac Developer";
				COPY_PHASE_STRIP = NO;
				DEBUG_INFORMATION_FORMAT = "dwarf-with-dsym";
				ENABLE_NS_ASSERTIONS = NO;
				ENABLE_STRICT_OBJC_MSGSEND = YES;
				GCC_C_LANGUAGE_STANDARD = gnu11;
				GCC_NO_COMMON_BLOCKS = YES;
				GCC_WARN_64_TO_32_BIT_CONVERSION = YES;
				GCC_WARN_ABOUT_RETURN_TYPE = YES_ERROR;
				GCC_WARN_UNDECLARED_SELECTOR = YES;
				GCC_WARN_UNINITIALIZED_AUTOS = YES_AGGRESSIVE;
				GCC_WARN_UNUSED_FUNCTION = YES;
				GCC_WARN_UNUSED_VARIABLE = YES;
				MACOSX_DEPLOYMENT_TARGET = 10.13;
				MTL_ENABLE_DEBUG_INFO = NO;
				SDKROOT = macosx;
			};
			name = Release;
		};
		001185651FCE3A9D00D4766F /* Debug */ = {
			isa = XCBuildConfiguration;
			buildSettings = {
				CODE_SIGN_STYLE = Automatic;
				COMBINE_HIDPI_IMAGES = YES;
				DEVELOPMENT_TEAM = 7HUH268L2E;
				INFOPLIST_FILE = "$(SRCROOT)/ScreenSaverTemplate/Resources/Info.plist";
				INSTALL_PATH = "$(HOME)/Library/Screen Savers";
				PRODUCT_BUNDLE_IDENTIFIER = me.robertburns.macos.ScreenSaverTemplate;
				PRODUCT_NAME = "$(TARGET_NAME)";
				WRAPPER_EXTENSION = saver;
			};
			name = Debug;
		};
		001185661FCE3A9D00D4766F /* Release */ = {
			isa = XCBuildConfiguration;
			buildSettings = {
				CODE_SIGN_STYLE = Automatic;
				COMBINE_HIDPI_IMAGES = YES;
				DEVELOPMENT_TEAM = 7HUH268L2E;
				INFOPLIST_FILE = "$(SRCROOT)/ScreenSaverTemplate/Resources/Info.plist";
				INSTALL_PATH = "$(HOME)/Library/Screen Savers";
				PRODUCT_BUNDLE_IDENTIFIER = me.robertburns.macos.ScreenSaverTemplate;
				PRODUCT_NAME = "$(TARGET_NAME)";
				WRAPPER_EXTENSION = saver;
			};
			name = Release;
		};
/* End XCBuildConfiguration section */

/* Begin XCConfigurationList section */
		001185541FCE3A9D00D4766F /* Build configuration list for PBXProject "ScreenSaverTemplate" */ = {
			isa = XCConfigurationList;
			buildConfigurations = (
				001185621FCE3A9D00D4766F /* Debug */,
				001185631FCE3A9D00D4766F /* Release */,
			);
			defaultConfigurationIsVisible = 0;
			defaultConfigurationName = Release;
		};
		001185641FCE3A9D00D4766F /* Build configuration list for PBXNativeTarget "ScreenSaver Template" */ = {
			isa = XCConfigurationList;
			buildConfigurations = (
				001185651FCE3A9D00D4766F /* Debug */,
				001185661FCE3A9D00D4766F /* Release */,
			);
			defaultConfigurationIsVisible = 0;
			defaultConfigurationName = Release;
		};
/* End XCConfigurationList section */
	};
	rootObject = 001185511FCE3A9D00D4766F /* Project object */;
}
